
Microsoft Visual Studio Solution File, Format Version 12.00
# Visual Studio Version 17
VisualStudioVersion = 17.3.32825.248
MinimumVisualStudioVersion = 10.0.40219.1
Project("{FAE04EC0-301F-11D3-BF4B-00C04F79EFBC}") = "ModWPF", "ModWPF\ModWPF.csproj", "{A85885CC-EABB-4561-8E5C-4329C15154E6}"
EndProject
Global
	GlobalSection(SolutionConfigurationPlatforms) = preSolution
		Debug|Any CPU = Debug|Any CPU
		Release|Any CPU = Release|Any CPU
	EndGlobalSection
	GlobalSection(ProjectConfigurationPlatforms) = postSolution
		{A85885CC-EABB-4561-8E5C-4329C15154E6}.Debug|Any CPU.ActiveCfg = Debug|Any CPU
		{A85885CC-EABB-4561-8E5C-4329C15154E6}.Debug|Any CPU.Build.0 = Debug|Any CPU
		{A85885CC-EABB-4561-8E5C-4329C15154E6}.Release|Any CPU.ActiveCfg = Release|Any CPU
		{A85885CC-EABB-4561-8E5C-4329C15154E6}.Release|Any CPU.Build.0 = Release|Any CPU
	EndGlobalSection
	GlobalSection(SolutionProperties) = preSolution
		HideSolutionNode = FALSE
	EndGlobalSection
	GlobalSection(ExtensibilityGlobals) = postSolution
		SolutionGuid = {64CE35F6-7E34-4561-9A4B-D75F1186458A}
	EndGlobalSection
EndGlobal
